
Microsoft Visual Studio Solution File, Format Version 12.00
# Visual Studio Version 17
VisualStudioVersion = 17.0.31912.275
MinimumVisualStudioVersion = 10.0.40219.1
Project("{FAE04EC0-301F-11D3-BF4B-00C04F79EFBC}") = "BooksList", "BooksList.csproj", "{19022C17-CD9B-4969-8C29-1A8DEED59104}"
EndProject
Global
	GlobalSection(SolutionConfigurationPlatforms) = preSolution
		Debug|Any CPU = Debug|Any CPU
		Release|Any CPU = Release|Any CPU
	EndGlobalSection
	GlobalSection(ProjectConfigurationPlatforms) = postSolution
		{19022C17-CD9B-4969-8C29-1A8DEED59104}.Debug|Any CPU.ActiveCfg = Debug|Any CPU
		{19022C17-CD9B-4969-8C29-1A8DEED59104}.Debug|Any CPU.Build.0 = Debug|Any CPU
		{19022C17-CD9B-4969-8C29-1A8DEED59104}.Release|Any CPU.ActiveCfg = Release|Any CPU
		{19022C17-CD9B-4969-8C29-1A8DEED59104}.Release|Any CPU.Build.0 = Release|Any CPU
	EndGlobalSection
	GlobalSection(SolutionProperties) = preSolution
		HideSolutionNode = FALSE
	EndGlobalSection
	GlobalSection(ExtensibilityGlobals) = postSolution
		SolutionGuid = {66B0813E-CE56-4C1C-BCF5-187F498648B7}
	EndGlobalSection
EndGlobal
